
Microsoft Visual Studio Solution File, Format Version 12.00
# Visual Studio 15
VisualStudioVersion = 15.0.27130.2027
MinimumVisualStudioVersion = 10.0.40219.1
Project("{FAE04EC0-301F-11D3-BF4B-00C04F79EFBC}") = "GetRichOrDieTrying.Web", "GetRichOrDieTrying.Web\GetRichOrDieTrying.Web.csproj", "{40FA4A59-766A-4C92-A4C8-B4EF6C97DF43}"
EndProject
Project("{FAE04EC0-301F-11D3-BF4B-00C04F79EFBC}") = "GetRichOrDieTrying.Data", "GetRichOrDieTrying.Data\GetRichOrDieTrying.Data.csproj", "{07E87368-6549-4BC3-A06D-1FF0F3191F66}"
EndProject
Project("{FAE04EC0-301F-11D3-BF4B-00C04F79EFBC}") = "GetRichOrDieTrying.Services", "GetRichOrDieTrying.Services\GetRichOrDieTrying.Services.csproj", "{8DA8BDFB-B2AD-4438-99B0-29A0708C4B75}"
EndProject
Global
	GlobalSection(SolutionConfigurationPlatforms) = preSolution
		Debug|Any CPU = Debug|Any CPU
		Release|Any CPU = Release|Any CPU
	EndGlobalSection
	GlobalSection(ProjectConfigurationPlatforms) = postSolution
		{40FA4A59-766A-4C92-A4C8-B4EF6C97DF43}.Debug|Any CPU.ActiveCfg = Debug|Any CPU
		{40FA4A59-766A-4C92-A4C8-B4EF6C97DF43}.Debug|Any CPU.Build.0 = Debug|Any CPU
		{40FA4A59-766A-4C92-A4C8-B4EF6C97DF43}.Release|Any CPU.ActiveCfg = Release|Any CPU
		{40FA4A59-766A-4C92-A4C8-B4EF6C97DF43}.Release|Any CPU.Build.0 = Release|Any CPU
		{07E87368-6549-4BC3-A06D-1FF0F3191F66}.Debug|Any CPU.ActiveCfg = Debug|Any CPU
		{07E87368-6549-4BC3-A06D-1FF0F3191F66}.Debug|Any CPU.Build.0 = Debug|Any CPU
		{07E87368-6549-4BC3-A06D-1FF0F3191F66}.Release|Any CPU.ActiveCfg = Release|Any CPU
		{07E87368-6549-4BC3-A06D-1FF0F3191F66}.Release|Any CPU.Build.0 = Release|Any CPU
		{8DA8BDFB-B2AD-4438-99B0-29A0708C4B75}.Debug|Any CPU.ActiveCfg = Debug|Any CPU
		{8DA8BDFB-B2AD-4438-99B0-29A0708C4B75}.Debug|Any CPU.Build.0 = Debug|Any CPU
		{8DA8BDFB-B2AD-4438-99B0-29A0708C4B75}.Release|Any CPU.ActiveCfg = Release|Any CPU
		{8DA8BDFB-B2AD-4438-99B0-29A0708C4B75}.Release|Any CPU.Build.0 = Release|Any CPU
	EndGlobalSection
	GlobalSection(SolutionProperties) = preSolution
		HideSolutionNode = FALSE
	EndGlobalSection
	GlobalSection(ExtensibilityGlobals) = postSolution
		SolutionGuid = {9BED4CB7-040C-43C8-9408-8E27FDA22477}
	EndGlobalSection
EndGlobal
